<?xml version="1.0" encoding="utf-8"?>
<Project ToolsVersion="4.0" xmlns="http://schemas.microsoft.com/developer/msbuild/2003">
  <ItemGroup>
    <Filter Include="core">
      <UniqueIdentifier>{b6ff3071-bce0-4b22-a6db-aec1aa98afe5}</UniqueIdentifier>
    </Filter>
    <Filter Include="shaders">
      <UniqueIdentifier>{6c279e1d-56e5-43be-b9ba-791de540a9d0}</UniqueIdentifier>
    </Filter>
    <Filter Include="Game">
      <UniqueIdentifier>{3f0fb5d9-8477-498f-9f8d-3a1ea7609e1a}</UniqueIdentifier>
    </Filter>
  </ItemGroup>
  <ItemGroup>
    <ClCompile Include="main.cpp" />
    <ClCompile Include="core\Game.cpp">
      <Filter>core</Filter>
    </ClCompile>
    <ClCompile Include="core\Window.cpp">
      <Filter>core</Filter>
    </ClCompile>
    <ClCompile Include="core\VulkanInstance.cpp">
      <Filter>core</Filter>
    </ClCompile>
    <ClCompile Include="core\BasicShaderProgram.cpp">
      <Filter>core</Filter>
    </ClCompile>
    <ClCompile Include="core\VulkanSwapchain.cpp">
      <Filter>core</Filter>
    </ClCompile>
    <ClCompile Include="core\GameObject.cpp">
      <Filter>core</Filter>
    </ClCompile>
    <ClCompile Include="core\WorldSeed.cpp">
      <Filter>core</Filter>
    </ClCompile>
    <ClCompile Include="core\Component.cpp">
      <Filter>core</Filter>
    </ClCompile>
    <ClCompile Include="core\Camera.cpp">
      <Filter>core</Filter>
    </ClCompile>
    <ClCompile Include="core\Light.cpp">
      <Filter>core</Filter>
    </ClCompile>
    <ClCompile Include="core\Mesh.cpp">
      <Filter>core</Filter>
    </ClCompile>
    <ClCompile Include="core\Material.cpp">
      <Filter>core</Filter>
    </ClCompile>
    <ClCompile Include="core\Texture.cpp">
      <Filter>core</Filter>
    </ClCompile>
    <ClCompile Include="core\SceneManager.cpp">
      <Filter>core</Filter>
    </ClCompile>
    <ClCompile Include="core\Scene.cpp">
      <Filter>core</Filter>
    </ClCompile>
    <ClCompile Include="core\ObjectManager.cpp">
      <Filter>core</Filter>
    </ClCompile>
    <ClCompile Include="FirstGame.cpp" />
    <ClCompile Include="core\VulkanRenderer.cpp">
      <Filter>core</Filter>
    </ClCompile>
    <ClCompile Include="core\InputManager.cpp">
      <Filter>core</Filter>
    </ClCompile>
    <ClCompile Include="core\CameraMovement.cpp">
      <Filter>core</Filter>
    </ClCompile>
    <ClCompile Include="core\ObjectMovement.cpp">
      <Filter>core</Filter>
    </ClCompile>
    <ClCompile Include="core\GraphicsPipeline.cpp">
      <Filter>core</Filter>
    </ClCompile>
    <ClCompile Include="core\ShaderProgram.cpp">
      <Filter>core</Filter>
    </ClCompile>
    <ClCompile Include="core\TestMaterial.cpp">
      <Filter>core</Filter>
    </ClCompile>
    <ClCompile Include="core\PhysicsBody.cpp">
      <Filter>core</Filter>
    </ClCompile>
    <ClCompile Include="core\Collider.cpp">
      <Filter>core</Filter>
    </ClCompile>
    <ClCompile Include="core\PhysicsEngine.cpp">
      <Filter>core</Filter>
    </ClCompile>
    <ClCompile Include="core\PlaneCollider.cpp">
      <Filter>core</Filter>
    </ClCompile>
    <ClCompile Include="core\SphereCollider.cpp">
      <Filter>core</Filter>
    </ClCompile>
    <ClCompile Include="core\VulkanBuffer.cpp">
      <Filter>core</Filter>
    </ClCompile>
    <ClCompile Include="core\VulkanDescriptor.cpp">
      <Filter>core</Filter>
    </ClCompile>
  </ItemGroup>
  <ItemGroup>
    <ClInclude Include="core\Game.hpp">
      <Filter>core</Filter>
    </ClInclude>
    <ClInclude Include="core\Window.hpp">
      <Filter>core</Filter>
    </ClInclude>
    <ClInclude Include="core\VulkanInstance.hpp">
      <Filter>core</Filter>
    </ClInclude>
    <ClInclude Include="core\BasicShaderProgram.hpp">
      <Filter>core</Filter>
    </ClInclude>
    <ClInclude Include="core\config.hpp">
      <Filter>core</Filter>
    </ClInclude>
    <ClInclude Include="core\VulkanSwapchain.hpp">
      <Filter>core</Filter>
    </ClInclude>
    <ClInclude Include="core\GameObject.hpp">
      <Filter>core</Filter>
    </ClInclude>
    <ClInclude Include="core\WorldSeed.hpp">
      <Filter>core</Filter>
    </ClInclude>
    <ClInclude Include="core\Component.hpp">
      <Filter>core</Filter>
    </ClInclude>
    <ClInclude Include="core\Camera.hpp">
      <Filter>core</Filter>
    </ClInclude>
    <ClInclude Include="core\Light.hpp">
      <Filter>core</Filter>
    </ClInclude>
    <ClInclude Include="core\Mesh.hpp">
      <Filter>core</Filter>
    </ClInclude>
    <ClInclude Include="core\Material.hpp">
      <Filter>core</Filter>
    </ClInclude>
    <ClInclude Include="core\Texture.hpp">
      <Filter>core</Filter>
    </ClInclude>
    <ClInclude Include="core\Scene.hpp">
      <Filter>core</Filter>
    </ClInclude>
    <ClInclude Include="core\SceneManager.hpp">
      <Filter>core</Filter>
    </ClInclude>
    <ClInclude Include="core\ObjectManager.hpp">
      <Filter>core</Filter>
    </ClInclude>
    <ClInclude Include="core\paths.hpp">
      <Filter>core</Filter>
    </ClInclude>
    <ClInclude Include="core\glm.hpp">
      <Filter>core</Filter>
    </ClInclude>
    <ClInclude Include="FirstGame.hpp" />
    <ClInclude Include="core\VulkanRenderer.hpp">
      <Filter>core</Filter>
    </ClInclude>
    <ClInclude Include="core\tiny_obj_loader.h">
      <Filter>core</Filter>
    </ClInclude>
    <ClInclude Include="core\InputManager.hpp">
      <Filter>core</Filter>
    </ClInclude>
    <ClInclude Include="core\CameraMovement.hpp">
      <Filter>core</Filter>
    </ClInclude>
    <ClInclude Include="core\ObjectMovement.hpp">
      <Filter>core</Filter>
    </ClInclude>
    <ClInclude Include="core\GraphicsPipeline.hpp">
      <Filter>core</Filter>
    </ClInclude>
    <ClInclude Include="core\ShaderProgram.hpp">
      <Filter>core</Filter>
    </ClInclude>
    <ClInclude Include="core\TestMaterial.hpp">
      <Filter>core</Filter>
    </ClInclude>
    <ClInclude Include="core\PhysicsBody.hpp">
      <Filter>core</Filter>
    </ClInclude>
    <ClInclude Include="core\PhysicsEngine.hpp">
      <Filter>core</Filter>
    </ClInclude>
    <ClInclude Include="core\Collider.hpp">
      <Filter>core</Filter>
    </ClInclude>
    <ClInclude Include="core\PlaneCollider.hpp">
      <Filter>core</Filter>
    </ClInclude>
    <ClInclude Include="core\SphereCollider.hpp">
      <Filter>core</Filter>
    </ClInclude>
    <ClInclude Include="core\VulkanBuffer.hpp">
      <Filter>core</Filter>
    </ClInclude>
    <ClInclude Include="core\VulkanDescriptor.hpp">
      <Filter>core</Filter>
    </ClInclude>
  </ItemGroup>
  <ItemGroup>
    <None Include="shaders\BasicVertexShader.vert">
      <Filter>shaders</Filter>
    </None>
    <None Include="shaders\BasicFragmentShader.frag">
      <Filter>shaders</Filter>
    </None>
    <None Include="shaders\compile_shaders.bat">
      <Filter>shaders</Filter>
    </None>
  </ItemGroup>
</Project>